
Microsoft Visual Studio Solution File, Format Version 12.00
# Visual Studio Version 17
VisualStudioVersion = 17.4.33110.190
MinimumVisualStudioVersion = 10.0.40219.1
Project("{FAE04EC0-301F-11D3-BF4B-00C04F79EFBC}") = "Utils4Net", "Utils4Net\Utils4Net.csproj", "{962FC17D-271B-4E4C-B59E-9B9F7EEBC0CF}"
EndProject
Global
	GlobalSection(SolutionConfigurationPlatforms) = preSolution
		Debug|Any CPU = Debug|Any CPU
		Release|Any CPU = Release|Any CPU
	EndGlobalSection
	GlobalSection(ProjectConfigurationPlatforms) = postSolution
		{962FC17D-271B-4E4C-B59E-9B9F7EEBC0CF}.Debug|Any CPU.ActiveCfg = Debug|Any CPU
		{962FC17D-271B-4E4C-B59E-9B9F7EEBC0CF}.Debug|Any CPU.Build.0 = Debug|Any CPU
		{962FC17D-271B-4E4C-B59E-9B9F7EEBC0CF}.Release|Any CPU.ActiveCfg = Release|Any CPU
		{962FC17D-271B-4E4C-B59E-9B9F7EEBC0CF}.Release|Any CPU.Build.0 = Release|Any CPU
	EndGlobalSection
	GlobalSection(SolutionProperties) = preSolution
		HideSolutionNode = FALSE
	EndGlobalSection
	GlobalSection(ExtensibilityGlobals) = postSolution
		SolutionGuid = {664B80E8-410D-46A5-8921-77A3838DC49F}
	EndGlobalSection
EndGlobal
